// !$*UTF8*$!
{
	archiveVersion = 1;
	classes = {
	};
	objectVersion = 46;
	objects = {

/* Begin PBXBuildFile section */
		A843CD631CB4AF460009D571 /* c2.png in Resources */ = {isa = PBXBuildFile; fileRef = A843CCFB1CB4AF450009D571 /* c2.png */; };
		A843CD641CB4AF460009D571 /* c3.png in Resources */ = {isa = PBXBuildFile; fileRef = A843CCFD1CB4AF450009D571 /* c3.png */; };
		A843CD651CB4AF460009D571 /* c4.png in Resources */ = {isa = PBXBuildFile; fileRef = A843CCFF1CB4AF450009D571 /* c4.png */; };
		A843CD661CB4AF460009D571 /* c5.png in Resources */ = {isa = PBXBuildFile; fileRef = A843CD011CB4AF450009D571 /* c5.png */; };
		A843CD671CB4AF460009D571 /* c6.png in Resources */ = {isa = PBXBuildFile; fileRef = A843CD031CB4AF450009D571 /* c6.png */; };
		A843CD681CB4AF460009D571 /* c7.png in Resources */ = {isa = PBXBuildFile; fileRef = A843CD051CB4AF450009D571 /* c7.png */; };
		A843CD691CB4AF460009D571 /* c8.png in Resources */ = {isa = PBXBuildFile; fileRef = A843CD071CB4AF450009D571 /* c8.png */; };
		A843CD6A1CB4AF460009D571 /* c9.png in Resources */ = {isa = PBXBuildFile; fileRef = A843CD091CB4AF450009D571 /* c9.png */; };
		A843CD6B1CB4AF460009D571 /* c10.png in Resources */ = {isa = PBXBuildFile; fileRef = A843CD0B1CB4AF450009D571 /* c10.png */; };
		A843CD6C1CB4AF460009D571 /* cA.png in Resources */ = {isa = PBXBuildFile; fileRef = A843CD0D1CB4AF450009D571 /* cA.png */; };
		A843CD6D1CB4AF460009D571 /* cJ.png in Resources */ = {isa = PBXBuildFile; fileRef = A843CD0F1CB4AF450009D571 /* cJ.png */; };
		A843CD6E1CB4AF460009D571 /* cK.png in Resources */ = {isa = PBXBuildFile; fileRef = A843CD111CB4AF450009D571 /* cK.png */; };
		A843CD6F1CB4AF460009D571 /* cQ.png in Resources */ = {isa = PBXBuildFile; fileRef = A843CD131CB4AF450009D571 /* cQ.png */; };
		A843CD701CB4AF460009D571 /* d2.png in Resources */ = {isa = PBXBuildFile; fileRef = A843CD151CB4AF450009D571 /* d2.png */; };
		A843CD711CB4AF460009D571 /* d3.png in Resources */ = {isa = PBXBuildFile; fileRef = A843CD171CB4AF450009D571 /* d3.png */; };
		A843CD721CB4AF460009D571 /* d4.png in Resources */ = {isa = PBXBuildFile; fileRef = A843CD191CB4AF450009D571 /* d4.png */; };
		A843CD731CB4AF460009D571 /* d5.png in Resources */ = {isa = PBXBuildFile; fileRef = A843CD1B1CB4AF450009D571 /* d5.png */; };
		A843CD741CB4AF460009D571 /* d6.png in Resources */ = {isa = PBXBuildFile; fileRef = A843CD1D1CB4AF450009D571 /* d6.png */; };
		A843CD751CB4AF460009D571 /* d7.png in Resources */ = {isa = PBXBuildFile; fileRef = A843CD1F1CB4AF450009D571 /* d7.png */; };
		A843CD761CB4AF460009D571 /* d8.png in Resources */ = {isa = PBXBuildFile; fileRef = A843CD211CB4AF450009D571 /* d8.png */; };
		A843CD771CB4AF460009D571 /* d9.png in Resources */ = {isa = PBXBuildFile; fileRef = A843CD231CB4AF450009D571 /* d9.png */; };
		A843CD781CB4AF460009D571 /* d10.png in Resources */ = {isa = PBXBuildFile; fileRef = A843CD251CB4AF450009D571 /* d10.png */; };
		A843CD791CB4AF460009D571 /* dA.png in Resources */ = {isa = PBXBuildFile; fileRef = A843CD271CB4AF450009D571 /* dA.png */; };
		A843CD7A1CB4AF460009D571 /* dJ.png in Resources */ = {isa = PBXBuildFile; fileRef = A843CD291CB4AF450009D571 /* dJ.png */; };
		A843CD7B1CB4AF460009D571 /* dK.png in Resources */ = {isa = PBXBuildFile; fileRef = A843CD2B1CB4AF450009D571 /* dK.png */; };
		A843CD7C1CB4AF460009D571 /* dQ.png in Resources */ = {isa = PBXBuildFile; fileRef = A843CD2D1CB4AF450009D571 /* dQ.png */; };
		A843CD7D1CB4AF460009D571 /* h2.png in Resources */ = {isa = PBXBuildFile; fileRef = A843CD2F1CB4AF450009D571 /* h2.png */; };
		A843CD7E1CB4AF460009D571 /* h3.png in Resources */ = {isa = PBXBuildFile; fileRef = A843CD311CB4AF450009D571 /* h3.png */; };
		A843CD7F1CB4AF460009D571 /* h4.png in Resources */ = {isa = PBXBuildFile; fileRef = A843CD331CB4AF450009D571 /* h4.png */; };
		A843CD801CB4AF460009D571 /* h5.png in Resources */ = {isa = PBXBuildFile; fileRef = A843CD351CB4AF450009D571 /* h5.png */; };
		A843CD811CB4AF460009D571 /* h6.png in Resources */ = {isa = PBXBuildFile; fileRef = A843CD371CB4AF450009D571 /* h6.png */; };
		A843CD821CB4AF460009D571 /* h7.png in Resources */ = {isa = PBXBuildFile; fileRef = A843CD391CB4AF450009D571 /* h7.png */; };
		A843CD831CB4AF460009D571 /* h8.png in Resources */ = {isa = PBXBuildFile; fileRef = A843CD3B1CB4AF450009D571 /* h8.png */; };
		A843CD841CB4AF460009D571 /* h9.png in Resources */ = {isa = PBXBuildFile; fileRef = A843CD3D1CB4AF450009D571 /* h9.png */; };
		A843CD851CB4AF460009D571 /* h10.png in Resources */ = {isa = PBXBuildFile; fileRef = A843CD3F1CB4AF450009D571 /* h10.png */; };
		A843CD861CB4AF460009D571 /* hA.png in Resources */ = {isa = PBXBuildFile; fileRef = A843CD411CB4AF450009D571 /* hA.png */; };
		A843CD871CB4AF460009D571 /* hJ.png in Resources */ = {isa = PBXBuildFile; fileRef = A843CD431CB4AF460009D571 /* hJ.png */; };
		A843CD881CB4AF460009D571 /* hK.png in Resources */ = {isa = PBXBuildFile; fileRef = A843CD451CB4AF460009D571 /* hK.png */; };
		A843CD891CB4AF460009D571 /* hQ.png in Resources */ = {isa = PBXBuildFile; fileRef = A843CD471CB4AF460009D571 /* hQ.png */; };
		A843CD8A1CB4AF460009D571 /* s2.png in Resources */ = {isa = PBXBuildFile; fileRef = A843CD491CB4AF460009D571 /* s2.png */; };
		A843CD8B1CB4AF460009D571 /* s3.png in Resources */ = {isa = PBXBuildFile; fileRef = A843CD4B1CB4AF460009D571 /* s3.png */; };
		A843CD8C1CB4AF460009D571 /* s4.png in Resources */ = {isa = PBXBuildFile; fileRef = A843CD4D1CB4AF460009D571 /* s4.png */; };
		A843CD8D1CB4AF460009D571 /* s5.png in Resources */ = {isa = PBXBuildFile; fileRef = A843CD4F1CB4AF460009D571 /* s5.png */; };
		A843CD8E1CB4AF460009D571 /* s6.png in Resources */ = {isa = PBXBuildFile; fileRef = A843CD511CB4AF460009D571 /* s6.png */; };
		A843CD8F1CB4AF460009D571 /* s7.png in Resources */ = {isa = PBXBuildFile; fileRef = A843CD531CB4AF460009D571 /* s7.png */; };
		A843CD901CB4AF460009D571 /* s8.png in Resources */ = {isa = PBXBuildFile; fileRef = A843CD551CB4AF460009D571 /* s8.png */; };
		A843CD911CB4AF460009D571 /* s9.png in Resources */ = {isa = PBXBuildFile; fileRef = A843CD571CB4AF460009D571 /* s9.png */; };
		A843CD921CB4AF460009D571 /* s10.png in Resources */ = {isa = PBXBuildFile; fileRef = A843CD591CB4AF460009D571 /* s10.png */; };
		A843CD931CB4AF460009D571 /* sA.png in Resources */ = {isa = PBXBuildFile; fileRef = A843CD5B1CB4AF460009D571 /* sA.png */; };
		A843CD941CB4AF460009D571 /* sJ.png in Resources */ = {isa = PBXBuildFile; fileRef = A843CD5D1CB4AF460009D571 /* sJ.png */; };
		A843CD951CB4AF460009D571 /* sK.png in Resources */ = {isa = PBXBuildFile; fileRef = A843CD5F1CB4AF460009D571 /* sK.png */; };
		A843CD961CB4AF460009D571 /* sQ.png in Resources */ = {isa = PBXBuildFile; fileRef = A843CD611CB4AF460009D571 /* sQ.png */; };
		A8B9D0AF1CAB5EAA005EABA4 /* main.m in Sources */ = {isa = PBXBuildFile; fileRef = A8B9D0AE1CAB5EAA005EABA4 /* main.m */; };
		A8B9D0B21CAB5EAA005EABA4 /* AppDelegate.m in Sources */ = {isa = PBXBuildFile; fileRef = A8B9D0B11CAB5EAA005EABA4 /* AppDelegate.m */; };
		A8B9D0B51CAB5EAA005EABA4 /* ViewController.m in Sources */ = {isa = PBXBuildFile; fileRef = A8B9D0B41CAB5EAA005EABA4 /* ViewController.m */; };
		A8B9D0B81CAB5EAA005EABA4 /* Main.storyboard in Resources */ = {isa = PBXBuildFile; fileRef = A8B9D0B61CAB5EAA005EABA4 /* Main.storyboard */; };
		A8B9D0BA1CAB5EAA005EABA4 /* Assets.xcassets in Resources */ = {isa = PBXBuildFile; fileRef = A8B9D0B91CAB5EAA005EABA4 /* Assets.xcassets */; };
		A8B9D0BD1CAB5EAA005EABA4 /* LaunchScreen.storyboard in Resources */ = {isa = PBXBuildFile; fileRef = A8B9D0BB1CAB5EAA005EABA4 /* LaunchScreen.storyboard */; };
		A8B9D0C81CAB5EAB005EABA4 /* w5_cardUITests.m in Sources */ = {isa = PBXBuildFile; fileRef = A8B9D0C71CAB5EAB005EABA4 /* w5_cardUITests.m */; };
		A8B9D13D1CAB6074005EABA4 /* SolitaireDeck.m in Sources */ = {isa = PBXBuildFile; fileRef = A8B9D13C1CAB6074005EABA4 /* SolitaireDeck.m */; };
		A8D2A7CE1CABDD500094699B /* NXCard.m in Sources */ = {isa = PBXBuildFile; fileRef = A8D2A7CD1CABDD500094699B /* NXCard.m */; };
/* End PBXBuildFile section */

/* Begin PBXContainerItemProxy section */
		A8B9D0C41CAB5EAB005EABA4 /* PBXContainerItemProxy */ = {
			isa = PBXContainerItemProxy;
			containerPortal = A8B9D0A21CAB5EAA005EABA4 /* Project object */;
			proxyType = 1;
			remoteGlobalIDString = A8B9D0A91CAB5EAA005EABA4;
			remoteInfo = w5_card;
		};
/* End PBXContainerItemProxy section */

/* Begin PBXFileReference section */
		A83301351CB4B04D00BAE712 /* ko */ = {isa = PBXFileReference; lastKnownFileType = text.plist.strings; name = ko; path = ko.lproj/Main.strings; sourceTree = "<group>"; };
		A83301361CB4B04D00BAE712 /* ko */ = {isa = PBXFileReference; lastKnownFileType = text.plist.strings; name = ko; path = ko.lproj/LaunchScreen.strings; sourceTree = "<group>"; };
		A83301371CB4B04D00BAE712 /* ko */ = {isa = PBXFileReference; lastKnownFileType = image.png; name = ko; path = ko.lproj/c2.png; sourceTree = "<group>"; };
		A83301381CB4B04D00BAE712 /* ko */ = {isa = PBXFileReference; lastKnownFileType = image.png; name = ko; path = ko.lproj/c3.png; sourceTree = "<group>"; };
		A83301391CB4B04D00BAE712 /* ko */ = {isa = PBXFileReference; lastKnownFileType = image.png; name = ko; path = ko.lproj/c4.png; sourceTree = "<group>"; };
		A833013A1CB4B04E00BAE712 /* ko */ = {isa = PBXFileReference; lastKnownFileType = image.png; name = ko; path = ko.lproj/c5.png; sourceTree = "<group>"; };
		A833013B1CB4B04E00BAE712 /* ko */ = {isa = PBXFileReference; lastKnownFileType = image.png; name = ko; path = ko.lproj/c6.png; sourceTree = "<group>"; };
		A833013C1CB4B04E00BAE712 /* ko */ = {isa = PBXFileReference; lastKnownFileType = image.png; name = ko; path = ko.lproj/c7.png; sourceTree = "<group>"; };
		A833013D1CB4B04E00BAE712 /* ko */ = {isa = PBXFileReference; lastKnownFileType = image.png; name = ko; path = ko.lproj/c8.png; sourceTree = "<group>"; };
		A833013E1CB4B04E00BAE712 /* ko */ = {isa = PBXFileReference; lastKnownFileType = image.png; name = ko; path = ko.lproj/c9.png; sourceTree = "<group>"; };
		A833013F1CB4B04E00BAE712 /* ko */ = {isa = PBXFileReference; lastKnownFileType = image.png; name = ko; path = ko.lproj/c10.png; sourceTree = "<group>"; };
		A83301401CB4B04E00BAE712 /* ko */ = {isa = PBXFileReference; lastKnownFileType = image.png; name = ko; path = ko.lproj/cA.png; sourceTree = "<group>"; };
		A83301411CB4B04E00BAE712 /* ko */ = {isa = PBXFileReference; lastKnownFileType = image.png; name = ko; path = ko.lproj/cJ.png; sourceTree = "<group>"; };
		A83301421CB4B04E00BAE712 /* ko */ = {isa = PBXFileReference; lastKnownFileType = image.png; name = ko; path = ko.lproj/cK.png; sourceTree = "<group>"; };
		A83301431CB4B04F00BAE712 /* ko */ = {isa = PBXFileReference; lastKnownFileType = image.png; name = ko; path = ko.lproj/cQ.png; sourceTree = "<group>"; };
		A83301441CB4B04F00BAE712 /* ko */ = {isa = PBXFileReference; lastKnownFileType = image.png; name = ko; path = ko.lproj/d2.png; sourceTree = "<group>"; };
		A83301451CB4B04F00BAE712 /* ko */ = {isa = PBXFileReference; lastKnownFileType = image.png; name = ko; path = ko.lproj/d3.png; sourceTree = "<group>"; };
		A83301461CB4B04F00BAE712 /* ko */ = {isa = PBXFileReference; lastKnownFileType = image.png; name = ko; path = ko.lproj/d4.png; sourceTree = "<group>"; };
		A83301471CB4B04F00BAE712 /* ko */ = {isa = PBXFileReference; lastKnownFileType = image.png; name = ko; path = ko.lproj/d5.png; sourceTree = "<group>"; };
		A83301481CB4B04F00BAE712 /* ko */ = {isa = PBXFileReference; lastKnownFileType = image.png; name = ko; path = ko.lproj/d6.png; sourceTree = "<group>"; };
		A83301491CB4B04F00BAE712 /* ko */ = {isa = PBXFileReference; lastKnownFileType = image.png; name = ko; path = ko.lproj/d7.png; sourceTree = "<group>"; };
		A833014A1CB4B04F00BAE712 /* ko */ = {isa = PBXFileReference; lastKnownFileType = image.png; name = ko; path = ko.lproj/d8.png; sourceTree = "<group>"; };
		A833014B1CB4B04F00BAE712 /* ko */ = {isa = PBXFileReference; lastKnownFileType = image.png; name = ko; path = ko.lproj/d9.png; sourceTree = "<group>"; };
		A833014C1CB4B04F00BAE712 /* ko */ = {isa = PBXFileReference; lastKnownFileType = image.png; name = ko; path = ko.lproj/d10.png; sourceTree = "<group>"; };
		A833014D1CB4B05000BAE712 /* ko */ = {isa = PBXFileReference; lastKnownFileType = image.png; name = ko; path = ko.lproj/dA.png; sourceTree = "<group>"; };
		A833014E1CB4B05000BAE712 /* ko */ = {isa = PBXFileReference; lastKnownFileType = image.png; name = ko; path = ko.lproj/dJ.png; sourceTree = "<group>"; };
		A833014F1CB4B05000BAE712 /* ko */ = {isa = PBXFileReference; lastKnownFileType = image.png; name = ko; path = ko.lproj/dK.png; sourceTree = "<group>"; };
		A83301501CB4B05000BAE712 /* ko */ = {isa = PBXFileReference; lastKnownFileType = image.png; name = ko; path = ko.lproj/dQ.png; sourceTree = "<group>"; };
		A83301511CB4B05000BAE712 /* ko */ = {isa = PBXFileReference; lastKnownFileType = image.png; name = ko; path = ko.lproj/h2.png; sourceTree = "<group>"; };
		A83301521CB4B05000BAE712 /* ko */ = {isa = PBXFileReference; lastKnownFileType = image.png; name = ko; path = ko.lproj/h3.png; sourceTree = "<group>"; };
		A83301531CB4B05000BAE712 /* ko */ = {isa = PBXFileReference; lastKnownFileType = image.png; name = ko; path = ko.lproj/h4.png; sourceTree = "<group>"; };
		A83301541CB4B05000BAE712 /* ko */ = {isa = PBXFileReference; lastKnownFileType = image.png; name = ko; path = ko.lproj/h5.png; sourceTree = "<group>"; };
		A83301551CB4B05100BAE712 /* ko */ = {isa = PBXFileReference; lastKnownFileType = image.png; name = ko; path = ko.lproj/h6.png; sourceTree = "<group>"; };
		A83301561CB4B05100BAE712 /* ko */ = {isa = PBXFileReference; lastKnownFileType = image.png; name = ko; path = ko.lproj/h7.png; sourceTree = "<group>"; };
		A83301571CB4B05100BAE712 /* ko */ = {isa = PBXFileReference; lastKnownFileType = image.png; name = ko; path = ko.lproj/h8.png; sourceTree = "<group>"; };
		A83301581CB4B05100BAE712 /* ko */ = {isa = PBXFileReference; lastKnownFileType = image.png; name = ko; path = ko.lproj/h9.png; sourceTree = "<group>"; };
		A83301591CB4B05100BAE712 /* ko */ = {isa = PBXFileReference; lastKnownFileType = image.png; name = ko; path = ko.lproj/h10.png; sourceTree = "<group>"; };
		A833015A1CB4B05100BAE712 /* ko */ = {isa = PBXFileReference; lastKnownFileType = image.png; name = ko; path = ko.lproj/hA.png; sourceTree = "<group>"; };
		A833015B1CB4B05100BAE712 /* ko */ = {isa = PBXFileReference; lastKnownFileType = image.png; name = ko; path = ko.lproj/hJ.png; sourceTree = "<group>"; };
		A833015C1CB4B05100BAE712 /* ko */ = {isa = PBXFileReference; lastKnownFileType = image.png; name = ko; path = ko.lproj/hK.png; sourceTree = "<group>"; };
		A833015D1CB4B05100BAE712 /* ko */ = {isa = PBXFileReference; lastKnownFileType = image.png; name = ko; path = ko.lproj/hQ.png; sourceTree = "<group>"; };
		A833015E1CB4B05200BAE712 /* ko */ = {isa = PBXFileReference; lastKnownFileType = image.png; name = ko; path = ko.lproj/s2.png; sourceTree = "<group>"; };
		A833015F1CB4B05200BAE712 /* ko */ = {isa = PBXFileReference; lastKnownFileType = image.png; name = ko; path = ko.lproj/s3.png; sourceTree = "<group>"; };
		A83301601CB4B05200BAE712 /* ko */ = {isa = PBXFileReference; lastKnownFileType = image.png; name = ko; path = ko.lproj/s4.png; sourceTree = "<group>"; };
		A83301611CB4B05200BAE712 /* ko */ = {isa = PBXFileReference; lastKnownFileType = image.png; name = ko; path = ko.lproj/s5.png; sourceTree = "<group>"; };
		A83301621CB4B05200BAE712 /* ko */ = {isa = PBXFileReference; lastKnownFileType = image.png; name = ko; path = ko.lproj/s6.png; sourceTree = "<group>"; };
		A83301631CB4B05200BAE712 /* ko */ = {isa = PBXFileReference; lastKnownFileType = image.png; name = ko; path = ko.lproj/s7.png; sourceTree = "<group>"; };
		A83301641CB4B05200BAE712 /* ko */ = {isa = PBXFileReference; lastKnownFileType = image.png; name = ko; path = ko.lproj/s8.png; sourceTree = "<group>"; };
		A83301651CB4B05200BAE712 /* ko */ = {isa = PBXFileReference; lastKnownFileType = image.png; name = ko; path = ko.lproj/s9.png; sourceTree = "<group>"; };
		A83301661CB4B05200BAE712 /* ko */ = {isa = PBXFileReference; lastKnownFileType = image.png; name = ko; path = ko.lproj/s10.png; sourceTree = "<group>"; };
		A83301671CB4B05300BAE712 /* ko */ = {isa = PBXFileReference; lastKnownFileType = image.png; name = ko; path = ko.lproj/sA.png; sourceTree = "<group>"; };
		A83301681CB4B05300BAE712 /* ko */ = {isa = PBXFileReference; lastKnownFileType = image.png; name = ko; path = ko.lproj/sJ.png; sourceTree = "<group>"; };
		A83301691CB4B05300BAE712 /* ko */ = {isa = PBXFileReference; lastKnownFileType = image.png; name = ko; path = ko.lproj/sK.png; sourceTree = "<group>"; };
		A833016A1CB4B05300BAE712 /* ko */ = {isa = PBXFileReference; lastKnownFileType = image.png; name = ko; path = ko.lproj/sQ.png; sourceTree = "<group>"; };
		A843CCFC1CB4AF450009D571 /* Base */ = {isa = PBXFileReference; lastKnownFileType = image.png; name = Base; path = Base.lproj/c2.png; sourceTree = "<group>"; };
		A843CCFE1CB4AF450009D571 /* Base */ = {isa = PBXFileReference; lastKnownFileType = image.png; name = Base; path = Base.lproj/c3.png; sourceTree = "<group>"; };
		A843CD001CB4AF450009D571 /* Base */ = {isa = PBXFileReference; lastKnownFileType = image.png; name = Base; path = Base.lproj/c4.png; sourceTree = "<group>"; };
		A843CD021CB4AF450009D571 /* Base */ = {isa = PBXFileReference; lastKnownFileType = image.png; name = Base; path = Base.lproj/c5.png; sourceTree = "<group>"; };
		A843CD041CB4AF450009D571 /* Base */ = {isa = PBXFileReference; lastKnownFileType = image.png; name = Base; path = Base.lproj/c6.png; sourceTree = "<group>"; };
		A843CD061CB4AF450009D571 /* Base */ = {isa = PBXFileReference; lastKnownFileType = image.png; name = Base; path = Base.lproj/c7.png; sourceTree = "<group>"; };
		A843CD081CB4AF450009D571 /* Base */ = {isa = PBXFileReference; lastKnownFileType = image.png; name = Base; path = Base.lproj/c8.png; sourceTree = "<group>"; };
		A843CD0A1CB4AF450009D571 /* Base */ = {isa = PBXFileReference; lastKnownFileType = image.png; name = Base; path = Base.lproj/c9.png; sourceTree = "<group>"; };
		A843CD0C1CB4AF450009D571 /* Base */ = {isa = PBXFileReference; lastKnownFileType = image.png; name = Base; path = Base.lproj/c10.png; sourceTree = "<group>"; };
		A843CD0E1CB4AF450009D571 /* Base */ = {isa = PBXFileReference; lastKnownFileType = image.png; name = Base; path = Base.lproj/cA.png; sourceTree = "<group>"; };
		A843CD101CB4AF450009D571 /* Base */ = {isa = PBXFileReference; lastKnownFileType = image.png; name = Base; path = Base.lproj/cJ.png; sourceTree = "<group>"; };
		A843CD121CB4AF450009D571 /* Base */ = {isa = PBXFileReference; lastKnownFileType = image.png; name = Base; path = Base.lproj/cK.png; sourceTree = "<group>"; };
		A843CD141CB4AF450009D571 /* Base */ = {isa = PBXFileReference; lastKnownFileType = image.png; name = Base; path = Base.lproj/cQ.png; sourceTree = "<group>"; };
		A843CD161CB4AF450009D571 /* Base */ = {isa = PBXFileReference; lastKnownFileType = image.png; name = Base; path = Base.lproj/d2.png; sourceTree = "<group>"; };
		A843CD181CB4AF450009D571 /* Base */ = {isa = PBXFileReference; lastKnownFileType = image.png; name = Base; path = Base.lproj/d3.png; sourceTree = "<group>"; };
		A843CD1A1CB4AF450009D571 /* Base */ = {isa = PBXFileReference; lastKnownFileType = image.png; name = Base; path = Base.lproj/d4.png; sourceTree = "<group>"; };
		A843CD1C1CB4AF450009D571 /* Base */ = {isa = PBXFileReference; lastKnownFileType = image.png; name = Base; path = Base.lproj/d5.png; sourceTree = "<group>"; };
		A843CD1E1CB4AF450009D571 /* Base */ = {isa = PBXFileReference; lastKnownFileType = image.png; name = Base; path = Base.lproj/d6.png; sourceTree = "<group>"; };
		A843CD201CB4AF450009D571 /* Base */ = {isa = PBXFileReference; lastKnownFileType = image.png; name = Base; path = Base.lproj/d7.png; sourceTree = "<group>"; };
		A843CD221CB4AF450009D571 /* Base */ = {isa = PBXFileReference; lastKnownFileType = image.png; name = Base; path = Base.lproj/d8.png; sourceTree = "<group>"; };
		A843CD241CB4AF450009D571 /* Base */ = {isa = PBXFileReference; lastKnownFileType = image.png; name = Base; path = Base.lproj/d9.png; sourceTree = "<group>"; };
		A843CD261CB4AF450009D571 /* Base */ = {isa = PBXFileReference; lastKnownFileType = image.png; name = Base; path = Base.lproj/d10.png; sourceTree = "<group>"; };
		A843CD281CB4AF450009D571 /* Base */ = {isa = PBXFileReference; lastKnownFileType = image.png; name = Base; path = Base.lproj/dA.png; sourceTree = "<group>"; };
		A843CD2A1CB4AF450009D571 /* Base */ = {isa = PBXFileReference; lastKnownFileType = image.png; name = Base; path = Base.lproj/dJ.png; sourceTree = "<group>"; };
		A843CD2C1CB4AF450009D571 /* Base */ = {isa = PBXFileReference; lastKnownFileType = image.png; name = Base; path = Base.lproj/dK.png; sourceTree = "<group>"; };
		A843CD2E1CB4AF450009D571 /* Base */ = {isa = PBXFileReference; lastKnownFileType = image.png; name = Base; path = Base.lproj/dQ.png; sourceTree = "<group>"; };
		A843CD301CB4AF450009D571 /* Base */ = {isa = PBXFileReference; lastKnownFileType = image.png; name = Base; path = Base.lproj/h2.png; sourceTree = "<group>"; };
		A843CD321CB4AF450009D571 /* Base */ = {isa = PBXFileReference; lastKnownFileType = image.png; name = Base; path = Base.lproj/h3.png; sourceTree = "<group>"; };
		A843CD341CB4AF450009D571 /* Base */ = {isa = PBXFileReference; lastKnownFileType = image.png; name = Base; path = Base.lproj/h4.png; sourceTree = "<group>"; };
		A843CD361CB4AF450009D571 /* Base */ = {isa = PBXFileReference; lastKnownFileType = image.png; name = Base; path = Base.lproj/h5.png; sourceTree = "<group>"; };
		A843CD381CB4AF450009D571 /* Base */ = {isa = PBXFileReference; lastKnownFileType = image.png; name = Base; path = Base.lproj/h6.png; sourceTree = "<group>"; };
		A843CD3A1CB4AF450009D571 /* Base */ = {isa = PBXFileReference; lastKnownFileType = image.png; name = Base; path = Base.lproj/h7.png; sourceTree = "<group>"; };
		A843CD3C1CB4AF450009D571 /* Base */ = {isa = PBXFileReference; lastKnownFileType = image.png; name = Base; path = Base.lproj/h8.png; sourceTree = "<group>"; };
		A843CD3E1CB4AF450009D571 /* Base */ = {isa = PBXFileReference; lastKnownFileType = image.png; name = Base; path = Base.lproj/h9.png; sourceTree = "<group>"; };
		A843CD401CB4AF450009D571 /* Base */ = {isa = PBXFileReference; lastKnownFileType = image.png; name = Base; path = Base.lproj/h10.png; sourceTree = "<group>"; };
		A843CD421CB4AF460009D571 /* Base */ = {isa = PBXFileReference; lastKnownFileType = image.png; name = Base; path = Base.lproj/hA.png; sourceTree = "<group>"; };
		A843CD441CB4AF460009D571 /* Base */ = {isa = PBXFileReference; lastKnownFileType = image.png; name = Base; path = Base.lproj/hJ.png; sourceTree = "<group>"; };
		A843CD461CB4AF460009D571 /* Base */ = {isa = PBXFileReference; lastKnownFileType = image.png; name = Base; path = Base.lproj/hK.png; sourceTree = "<group>"; };
		A843CD481CB4AF460009D571 /* Base */ = {isa = PBXFileReference; lastKnownFileType = image.png; name = Base; path = Base.lproj/hQ.png; sourceTree = "<group>"; };
		A843CD4A1CB4AF460009D571 /* Base */ = {isa = PBXFileReference; lastKnownFileType = image.png; name = Base; path = Base.lproj/s2.png; sourceTree = "<group>"; };
		A843CD4C1CB4AF460009D571 /* Base */ = {isa = PBXFileReference; lastKnownFileType = image.png; name = Base; path = Base.lproj/s3.png; sourceTree = "<group>"; };
		A843CD4E1CB4AF460009D571 /* Base */ = {isa = PBXFileReference; lastKnownFileType = image.png; name = Base; path = Base.lproj/s4.png; sourceTree = "<group>"; };
		A843CD501CB4AF460009D571 /* Base */ = {isa = PBXFileReference; lastKnownFileType = image.png; name = Base; path = Base.lproj/s5.png; sourceTree = "<group>"; };
		A843CD521CB4AF460009D571 /* Base */ = {isa = PBXFileReference; lastKnownFileType = image.png; name = Base; path = Base.lproj/s6.png; sourceTree = "<group>"; };
		A843CD541CB4AF460009D571 /* Base */ = {isa = PBXFileReference; lastKnownFileType = image.png; name = Base; path = Base.lproj/s7.png; sourceTree = "<group>"; };
		A843CD561CB4AF460009D571 /* Base */ = {isa = PBXFileReference; lastKnownFileType = image.png; name = Base; path = Base.lproj/s8.png; sourceTree = "<group>"; };
		A843CD581CB4AF460009D571 /* Base */ = {isa = PBXFileReference; lastKnownFileType = image.png; name = Base; path = Base.lproj/s9.png; sourceTree = "<group>"; };
		A843CD5A1CB4AF460009D571 /* Base */ = {isa = PBXFileReference; lastKnownFileType = image.png; name = Base; path = Base.lproj/s10.png; sourceTree = "<group>"; };
		A843CD5C1CB4AF460009D571 /* Base */ = {isa = PBXFileReference; lastKnownFileType = image.png; name = Base; path = Base.lproj/sA.png; sourceTree = "<group>"; };
		A843CD5E1CB4AF460009D571 /* Base */ = {isa = PBXFileReference; lastKnownFileType = image.png; name = Base; path = Base.lproj/sJ.png; sourceTree = "<group>"; };
		A843CD601CB4AF460009D571 /* Base */ = {isa = PBXFileReference; lastKnownFileType = image.png; name = Base; path = Base.lproj/sK.png; sourceTree = "<group>"; };
		A843CD621CB4AF460009D571 /* Base */ = {isa = PBXFileReference; lastKnownFileType = image.png; name = Base; path = Base.lproj/sQ.png; sourceTree = "<group>"; };
		A8B9D0AA1CAB5EAA005EABA4 /* w5_card.app */ = {isa = PBXFileReference; explicitFileType = wrapper.application; includeInIndex = 0; path = w5_card.app; sourceTree = BUILT_PRODUCTS_DIR; };
		A8B9D0AE1CAB5EAA005EABA4 /* main.m */ = {isa = PBXFileReference; lastKnownFileType = sourcecode.c.objc; path = main.m; sourceTree = "<group>"; };
		A8B9D0B01CAB5EAA005EABA4 /* AppDelegate.h */ = {isa = PBXFileReference; lastKnownFileType = sourcecode.c.h; path = AppDelegate.h; sourceTree = "<group>"; };
		A8B9D0B11CAB5EAA005EABA4 /* AppDelegate.m */ = {isa = PBXFileReference; lastKnownFileType = sourcecode.c.objc; path = AppDelegate.m; sourceTree = "<group>"; };
		A8B9D0B31CAB5EAA005EABA4 /* ViewController.h */ = {isa = PBXFileReference; lastKnownFileType = sourcecode.c.h; path = ViewController.h; sourceTree = "<group>"; };
		A8B9D0B41CAB5EAA005EABA4 /* ViewController.m */ = {isa = PBXFileReference; lastKnownFileType = sourcecode.c.objc; path = ViewController.m; sourceTree = "<group>"; };
		A8B9D0B71CAB5EAA005EABA4 /* Base */ = {isa = PBXFileReference; lastKnownFileType = file.storyboard; name = Base; path = Base.lproj/Main.storyboard; sourceTree = "<group>"; };
		A8B9D0B91CAB5EAA005EABA4 /* Assets.xcassets */ = {isa = PBXFileReference; lastKnownFileType = folder.assetcatalog; path = Assets.xcassets; sourceTree = "<group>"; };
		A8B9D0BC1CAB5EAA005EABA4 /* Base */ = {isa = PBXFileReference; lastKnownFileType = file.storyboard; name = Base; path = Base.lproj/LaunchScreen.storyboard; sourceTree = "<group>"; };
		A8B9D0BE1CAB5EAA005EABA4 /* Info.plist */ = {isa = PBXFileReference; lastKnownFileType = text.plist.xml; path = Info.plist; sourceTree = "<group>"; };
		A8B9D0C31CAB5EAB005EABA4 /* w5_cardUITests.xctest */ = {isa = PBXFileReference; explicitFileType = wrapper.cfbundle; includeInIndex = 0; path = w5_cardUITests.xctest; sourceTree = BUILT_PRODUCTS_DIR; };
		A8B9D0C71CAB5EAB005EABA4 /* w5_cardUITests.m */ = {isa = PBXFileReference; lastKnownFileType = sourcecode.c.objc; path = w5_cardUITests.m; sourceTree = "<group>"; };
		A8B9D0C91CAB5EAB005EABA4 /* Info.plist */ = {isa = PBXFileReference; lastKnownFileType = text.plist.xml; path = Info.plist; sourceTree = "<group>"; };
		A8B9D13B1CAB6074005EABA4 /* SolitaireDeck.h */ = {isa = PBXFileReference; fileEncoding = 4; lastKnownFileType = sourcecode.c.h; path = SolitaireDeck.h; sourceTree = "<group>"; };
		A8B9D13C1CAB6074005EABA4 /* SolitaireDeck.m */ = {isa = PBXFileReference; fileEncoding = 4; lastKnownFileType = sourcecode.c.objc; path = SolitaireDeck.m; sourceTree = "<group>"; };
		A8D2A7CC1CABDD500094699B /* NXCard.h */ = {isa = PBXFileReference; fileEncoding = 4; lastKnownFileType = sourcecode.c.h; path = NXCard.h; sourceTree = "<group>"; };
		A8D2A7CD1CABDD500094699B /* NXCard.m */ = {isa = PBXFileReference; fileEncoding = 4; lastKnownFileType = sourcecode.c.objc; path = NXCard.m; sourceTree = "<group>"; };
/* End PBXFileReference section */

/* Begin PBXFrameworksBuildPhase section */
		A8B9D0A71CAB5EAA005EABA4 /* Frameworks */ = {
			isa = PBXFrameworksBuildPhase;
			buildActionMask = 2147483647;
			files = (
			);
			runOnlyForDeploymentPostprocessing = 0;
		};
		A8B9D0C01CAB5EAB005EABA4 /* Frameworks */ = {
			isa = PBXFrameworksBuildPhase;
			buildActionMask = 2147483647;
			files = (
			);
			runOnlyForDeploymentPostprocessing = 0;
		};
/* End PBXFrameworksBuildPhase section */

/* Begin PBXGroup section */
		A833016B1CB4B08800BAE712 /* card_deck */ = {
			isa = PBXGroup;
			children = (
				A843CCFB1CB4AF450009D571 /* c2.png */,
				A843CCFD1CB4AF450009D571 /* c3.png */,
				A843CCFF1CB4AF450009D571 /* c4.png */,
				A843CD011CB4AF450009D571 /* c5.png */,
				A843CD031CB4AF450009D571 /* c6.png */,
				A843CD051CB4AF450009D571 /* c7.png */,
				A843CD071CB4AF450009D571 /* c8.png */,
				A843CD091CB4AF450009D571 /* c9.png */,
				A843CD0B1CB4AF450009D571 /* c10.png */,
				A843CD0D1CB4AF450009D571 /* cA.png */,
				A843CD0F1CB4AF450009D571 /* cJ.png */,
				A843CD111CB4AF450009D571 /* cK.png */,
				A843CD131CB4AF450009D571 /* cQ.png */,
				A843CD151CB4AF450009D571 /* d2.png */,
				A843CD171CB4AF450009D571 /* d3.png */,
				A843CD191CB4AF450009D571 /* d4.png */,
				A843CD1B1CB4AF450009D571 /* d5.png */,
				A843CD1D1CB4AF450009D571 /* d6.png */,
				A843CD1F1CB4AF450009D571 /* d7.png */,
				A843CD211CB4AF450009D571 /* d8.png */,
				A843CD231CB4AF450009D571 /* d9.png */,
				A843CD251CB4AF450009D571 /* d10.png */,
				A843CD271CB4AF450009D571 /* dA.png */,
				A843CD291CB4AF450009D571 /* dJ.png */,
				A843CD2B1CB4AF450009D571 /* dK.png */,
				A843CD2D1CB4AF450009D571 /* dQ.png */,
				A843CD2F1CB4AF450009D571 /* h2.png */,
				A843CD311CB4AF450009D571 /* h3.png */,
				A843CD331CB4AF450009D571 /* h4.png */,
				A843CD351CB4AF450009D571 /* h5.png */,
				A843CD371CB4AF450009D571 /* h6.png */,
				A843CD391CB4AF450009D571 /* h7.png */,
				A843CD3B1CB4AF450009D571 /* h8.png */,
				A843CD3D1CB4AF450009D571 /* h9.png */,
				A843CD3F1CB4AF450009D571 /* h10.png */,
				A843CD411CB4AF450009D571 /* hA.png */,
				A843CD431CB4AF460009D571 /* hJ.png */,
				A843CD451CB4AF460009D571 /* hK.png */,
				A843CD471CB4AF460009D571 /* hQ.png */,
				A843CD491CB4AF460009D571 /* s2.png */,
				A843CD4B1CB4AF460009D571 /* s3.png */,
				A843CD4D1CB4AF460009D571 /* s4.png */,
				A843CD4F1CB4AF460009D571 /* s5.png */,
				A843CD511CB4AF460009D571 /* s6.png */,
				A843CD531CB4AF460009D571 /* s7.png */,
				A843CD551CB4AF460009D571 /* s8.png */,
				A843CD571CB4AF460009D571 /* s9.png */,
				A843CD591CB4AF460009D571 /* s10.png */,
				A843CD5B1CB4AF460009D571 /* sA.png */,
				A843CD5D1CB4AF460009D571 /* sJ.png */,
				A843CD5F1CB4AF460009D571 /* sK.png */,
				A843CD611CB4AF460009D571 /* sQ.png */,
			);
			name = card_deck;
			sourceTree = "<group>";
		};
		A8B9D0A11CAB5EAA005EABA4 = {
			isa = PBXGroup;
			children = (
				A8B9D0AC1CAB5EAA005EABA4 /* w5_card */,
				A8B9D0C61CAB5EAB005EABA4 /* w5_cardUITests */,
				A8B9D0AB1CAB5EAA005EABA4 /* Products */,
			);
			sourceTree = "<group>";
		};
		A8B9D0AB1CAB5EAA005EABA4 /* Products */ = {
			isa = PBXGroup;
			children = (
				A8B9D0AA1CAB5EAA005EABA4 /* w5_card.app */,
				A8B9D0C31CAB5EAB005EABA4 /* w5_cardUITests.xctest */,
			);
			name = Products;
			sourceTree = "<group>";
		};
		A8B9D0AC1CAB5EAA005EABA4 /* w5_card */ = {
			isa = PBXGroup;
			children = (
				A833016B1CB4B08800BAE712 /* card_deck */,
				A8B9D0B01CAB5EAA005EABA4 /* AppDelegate.h */,
				A8B9D0B11CAB5EAA005EABA4 /* AppDelegate.m */,
				A8B9D0B31CAB5EAA005EABA4 /* ViewController.h */,
				A8B9D0B41CAB5EAA005EABA4 /* ViewController.m */,
				A8B9D0B61CAB5EAA005EABA4 /* Main.storyboard */,
				A8B9D0B91CAB5EAA005EABA4 /* Assets.xcassets */,
				A8B9D0BB1CAB5EAA005EABA4 /* LaunchScreen.storyboard */,
				A8B9D0BE1CAB5EAA005EABA4 /* Info.plist */,
				A8B9D0AD1CAB5EAA005EABA4 /* Supporting Files */,
				A8B9D13B1CAB6074005EABA4 /* SolitaireDeck.h */,
				A8B9D13C1CAB6074005EABA4 /* SolitaireDeck.m */,
				A8D2A7CC1CABDD500094699B /* NXCard.h */,
				A8D2A7CD1CABDD500094699B /* NXCard.m */,
			);
			path = w5_card;
			sourceTree = "<group>";
		};
		A8B9D0AD1CAB5EAA005EABA4 /* Supporting Files */ = {
			isa = PBXGroup;
			children = (
				A8B9D0AE1CAB5EAA005EABA4 /* main.m */,
			);
			name = "Supporting Files";
			sourceTree = "<group>";
		};
		A8B9D0C61CAB5EAB005EABA4 /* w5_cardUITests */ = {
			isa = PBXGroup;
			children = (
				A8B9D0C71CAB5EAB005EABA4 /* w5_cardUITests.m */,
				A8B9D0C91CAB5EAB005EABA4 /* Info.plist */,
			);
			path = w5_cardUITests;
			sourceTree = "<group>";
		};
/* End PBXGroup section */

/* Begin PBXNativeTarget section */
		A8B9D0A91CAB5EAA005EABA4 /* w5_card */ = {
			isa = PBXNativeTarget;
			buildConfigurationList = A8B9D0CC1CAB5EAB005EABA4 /* Build configuration list for PBXNativeTarget "w5_card" */;
			buildPhases = (
				A8B9D0A61CAB5EAA005EABA4 /* Sources */,
				A8B9D0A71CAB5EAA005EABA4 /* Frameworks */,
				A8B9D0A81CAB5EAA005EABA4 /* Resources */,
			);
			buildRules = (
			);
			dependencies = (
			);
			name = w5_card;
			productName = w5_card;
			productReference = A8B9D0AA1CAB5EAA005EABA4 /* w5_card.app */;
			productType = "com.apple.product-type.application";
		};
		A8B9D0C21CAB5EAB005EABA4 /* w5_cardUITests */ = {
			isa = PBXNativeTarget;
			buildConfigurationList = A8B9D0CF1CAB5EAB005EABA4 /* Build configuration list for PBXNativeTarget "w5_cardUITests" */;
			buildPhases = (
				A8B9D0BF1CAB5EAB005EABA4 /* Sources */,
				A8B9D0C01CAB5EAB005EABA4 /* Frameworks */,
				A8B9D0C11CAB5EAB005EABA4 /* Resources */,
			);
			buildRules = (
			);
			dependencies = (
				A8B9D0C51CAB5EAB005EABA4 /* PBXTargetDependency */,
			);
			name = w5_cardUITests;
			productName = w5_cardUITests;
			productReference = A8B9D0C31CAB5EAB005EABA4 /* w5_cardUITests.xctest */;
			productType = "com.apple.product-type.bundle.ui-testing";
		};
/* End PBXNativeTarget section */

/* Begin PBXProject section */
		A8B9D0A21CAB5EAA005EABA4 /* Project object */ = {
			isa = PBXProject;
			attributes = {
				LastUpgradeCheck = 0730;
				ORGANIZATIONNAME = "Jay Im";
				TargetAttributes = {
					A8B9D0A91CAB5EAA005EABA4 = {
						CreatedOnToolsVersion = 7.3;
						DevelopmentTeam = C6JPR8STRV;
					};
					A8B9D0C21CAB5EAB005EABA4 = {
						CreatedOnToolsVersion = 7.3;
						TestTargetID = A8B9D0A91CAB5EAA005EABA4;
					};
				};
			};
			buildConfigurationList = A8B9D0A51CAB5EAA005EABA4 /* Build configuration list for PBXProject "w5_card" */;
			compatibilityVersion = "Xcode 3.2";
			developmentRegion = English;
			hasScannedForEncodings = 0;
			knownRegions = (
				en,
				Base,
				ko,
			);
			mainGroup = A8B9D0A11CAB5EAA005EABA4;
			productRefGroup = A8B9D0AB1CAB5EAA005EABA4 /* Products */;
			projectDirPath = "";
			projectRoot = "";
			targets = (
				A8B9D0A91CAB5EAA005EABA4 /* w5_card */,
				A8B9D0C21CAB5EAB005EABA4 /* w5_cardUITests */,
			);
		};
/* End PBXProject section */

/* Begin PBXResourcesBuildPhase section */
		A8B9D0A81CAB5EAA005EABA4 /* Resources */ = {
			isa = PBXResourcesBuildPhase;
			buildActionMask = 2147483647;
			files = (
				A843CD791CB4AF460009D571 /* dA.png in Resources */,
				A843CD831CB4AF460009D571 /* h8.png in Resources */,
				A843CD6C1CB4AF460009D571 /* cA.png in Resources */,
				A843CD691CB4AF460009D571 /* c8.png in Resources */,
				A843CD741CB4AF460009D571 /* d6.png in Resources */,
				A843CD881CB4AF460009D571 /* hK.png in Resources */,
				A843CD841CB4AF460009D571 /* h9.png in Resources */,
				A843CD681CB4AF460009D571 /* c7.png in Resources */,
				A843CD651CB4AF460009D571 /* c4.png in Resources */,
				A843CD6A1CB4AF460009D571 /* c9.png in Resources */,
				A843CD761CB4AF460009D571 /* d8.png in Resources */,
				A843CD641CB4AF460009D571 /* c3.png in Resources */,
				A843CD6D1CB4AF460009D571 /* cJ.png in Resources */,
				A843CD931CB4AF460009D571 /* sA.png in Resources */,
				A843CD801CB4AF460009D571 /* h5.png in Resources */,
				A843CD861CB4AF460009D571 /* hA.png in Resources */,
				A843CD911CB4AF460009D571 /* s9.png in Resources */,
				A843CD751CB4AF460009D571 /* d7.png in Resources */,
				A843CD671CB4AF460009D571 /* c6.png in Resources */,
				A843CD721CB4AF460009D571 /* d4.png in Resources */,
				A843CD711CB4AF460009D571 /* d3.png in Resources */,
				A843CD8F1CB4AF460009D571 /* s7.png in Resources */,
				A843CD731CB4AF460009D571 /* d5.png in Resources */,
				A843CD771CB4AF460009D571 /* d9.png in Resources */,
				A843CD7B1CB4AF460009D571 /* dK.png in Resources */,
				A843CD961CB4AF460009D571 /* sQ.png in Resources */,
				A843CD781CB4AF460009D571 /* d10.png in Resources */,
				A843CD6B1CB4AF460009D571 /* c10.png in Resources */,
				A8B9D0BD1CAB5EAA005EABA4 /* LaunchScreen.storyboard in Resources */,
				A843CD851CB4AF460009D571 /* h10.png in Resources */,
				A843CD701CB4AF460009D571 /* d2.png in Resources */,
				A843CD8B1CB4AF460009D571 /* s3.png in Resources */,
				A843CD7F1CB4AF460009D571 /* h4.png in Resources */,
				A843CD901CB4AF460009D571 /* s8.png in Resources */,
				A843CD6E1CB4AF460009D571 /* cK.png in Resources */,
				A843CD7A1CB4AF460009D571 /* dJ.png in Resources */,
				A8B9D0BA1CAB5EAA005EABA4 /* Assets.xcassets in Resources */,
				A843CD7E1CB4AF460009D571 /* h3.png in Resources */,
				A843CD631CB4AF460009D571 /* c2.png in Resources */,
				A843CD7D1CB4AF460009D571 /* h2.png in Resources */,
				A843CD8D1CB4AF460009D571 /* s5.png in Resources */,
				A843CD811CB4AF460009D571 /* h6.png in Resources */,
				A843CD821CB4AF460009D571 /* h7.png in Resources */,
				A843CD891CB4AF460009D571 /* hQ.png in Resources */,
				A843CD941CB4AF460009D571 /* sJ.png in Resources */,
				A843CD871CB4AF460009D571 /* hJ.png in Resources */,
				A843CD8A1CB4AF460009D571 /* s2.png in Resources */,
				A843CD8C1CB4AF460009D571 /* s4.png in Resources */,
				A843CD921CB4AF460009D571 /* s10.png in Resources */,
				A843CD6F1CB4AF460009D571 /* cQ.png in Resources */,
				A8B9D0B81CAB5EAA005EABA4 /* Main.storyboard in Resources */,
				A843CD661CB4AF460009D571 /* c5.png in Resources */,
				A843CD8E1CB4AF460009D571 /* s6.png in Resources */,
				A843CD7C1CB4AF460009D571 /* dQ.png in Resources */,
				A843CD951CB4AF460009D571 /* sK.png in Resources */,
			);
			runOnlyForDeploymentPostprocessing = 0;
		};
		A8B9D0C11CAB5EAB005EABA4 /* Resources */ = {
			isa = PBXResourcesBuildPhase;
			buildActionMask = 2147483647;
			files = (
			);
			runOnlyForDeploymentPostprocessing = 0;
		};
/* End PBXResourcesBuildPhase section */

/* Begin PBXSourcesBuildPhase section */
		A8B9D0A61CAB5EAA005EABA4 /* Sources */ = {
			isa = PBXSourcesBuildPhase;
			buildActionMask = 2147483647;
			files = (
				A8B9D0B51CAB5EAA005EABA4 /* ViewController.m in Sources */,
				A8D2A7CE1CABDD500094699B /* NXCard.m in Sources */,
				A8B9D13D1CAB6074005EABA4 /* SolitaireDeck.m in Sources */,
				A8B9D0B21CAB5EAA005EABA4 /* AppDelegate.m in Sources */,
				A8B9D0AF1CAB5EAA005EABA4 /* main.m in Sources */,
			);
			runOnlyForDeploymentPostprocessing = 0;
		};
		A8B9D0BF1CAB5EAB005EABA4 /* Sources */ = {
			isa = PBXSourcesBuildPhase;
			buildActionMask = 2147483647;
			files = (
				A8B9D0C81CAB5EAB005EABA4 /* w5_cardUITests.m in Sources */,
			);
			runOnlyForDeploymentPostprocessing = 0;
		};
/* End PBXSourcesBuildPhase section */

/* Begin PBXTargetDependency section */
		A8B9D0C51CAB5EAB005EABA4 /* PBXTargetDependency */ = {
			isa = PBXTargetDependency;
			target = A8B9D0A91CAB5EAA005EABA4 /* w5_card */;
			targetProxy = A8B9D0C41CAB5EAB005EABA4 /* PBXContainerItemProxy */;
		};
/* End PBXTargetDependency section */

/* Begin PBXVariantGroup section */
		A843CCFB1CB4AF450009D571 /* c2.png */ = {
			isa = PBXVariantGroup;
			children = (
				A843CCFC1CB4AF450009D571 /* Base */,
				A83301371CB4B04D00BAE712 /* ko */,
			);
			name = c2.png;
			sourceTree = "<group>";
		};
		A843CCFD1CB4AF450009D571 /* c3.png */ = {
			isa = PBXVariantGroup;
			children = (
				A843CCFE1CB4AF450009D571 /* Base */,
				A83301381CB4B04D00BAE712 /* ko */,
			);
			name = c3.png;
			sourceTree = "<group>";
		};
		A843CCFF1CB4AF450009D571 /* c4.png */ = {
			isa = PBXVariantGroup;
			children = (
				A843CD001CB4AF450009D571 /* Base */,
				A83301391CB4B04D00BAE712 /* ko */,
			);
			name = c4.png;
			sourceTree = "<group>";
		};
		A843CD011CB4AF450009D571 /* c5.png */ = {
			isa = PBXVariantGroup;
			children = (
				A843CD021CB4AF450009D571 /* Base */,
				A833013A1CB4B04E00BAE712 /* ko */,
			);
			name = c5.png;
			sourceTree = "<group>";
		};
		A843CD031CB4AF450009D571 /* c6.png */ = {
			isa = PBXVariantGroup;
			children = (
				A843CD041CB4AF450009D571 /* Base */,
				A833013B1CB4B04E00BAE712 /* ko */,
			);
			name = c6.png;
			sourceTree = "<group>";
		};
		A843CD051CB4AF450009D571 /* c7.png */ = {
			isa = PBXVariantGroup;
			children = (
				A843CD061CB4AF450009D571 /* Base */,
				A833013C1CB4B04E00BAE712 /* ko */,
			);
			name = c7.png;
			sourceTree = "<group>";
		};
		A843CD071CB4AF450009D571 /* c8.png */ = {
			isa = PBXVariantGroup;
			children = (
				A843CD081CB4AF450009D571 /* Base */,
				A833013D1CB4B04E00BAE712 /* ko */,
			);
			name = c8.png;
			sourceTree = "<group>";
		};
		A843CD091CB4AF450009D571 /* c9.png */ = {
			isa = PBXVariantGroup;
			children = (
				A843CD0A1CB4AF450009D571 /* Base */,
				A833013E1CB4B04E00BAE712 /* ko */,
			);
			name = c9.png;
			sourceTree = "<group>";
		};
		A843CD0B1CB4AF450009D571 /* c10.png */ = {
			isa = PBXVariantGroup;
			children = (
				A843CD0C1CB4AF450009D571 /* Base */,
				A833013F1CB4B04E00BAE712 /* ko */,
			);
			name = c10.png;
			sourceTree = "<group>";
		};
		A843CD0D1CB4AF450009D571 /* cA.png */ = {
			isa = PBXVariantGroup;
			children = (
				A843CD0E1CB4AF450009D571 /* Base */,
				A83301401CB4B04E00BAE712 /* ko */,
			);
			name = cA.png;
			sourceTree = "<group>";
		};
		A843CD0F1CB4AF450009D571 /* cJ.png */ = {
			isa = PBXVariantGroup;
			children = (
				A843CD101CB4AF450009D571 /* Base */,
				A83301411CB4B04E00BAE712 /* ko */,
			);
			name = cJ.png;
			sourceTree = "<group>";
		};
		A843CD111CB4AF450009D571 /* cK.png */ = {
			isa = PBXVariantGroup;
			children = (
				A843CD121CB4AF450009D571 /* Base */,
				A83301421CB4B04E00BAE712 /* ko */,
			);
			name = cK.png;
			sourceTree = "<group>";
		};
		A843CD131CB4AF450009D571 /* cQ.png */ = {
			isa = PBXVariantGroup;
			children = (
				A843CD141CB4AF450009D571 /* Base */,
				A83301431CB4B04F00BAE712 /* ko */,
			);
			name = cQ.png;
			sourceTree = "<group>";
		};
		A843CD151CB4AF450009D571 /* d2.png */ = {
			isa = PBXVariantGroup;
			children = (
				A843CD161CB4AF450009D571 /* Base */,
				A83301441CB4B04F00BAE712 /* ko */,
			);
			name = d2.png;
			sourceTree = "<group>";
		};
		A843CD171CB4AF450009D571 /* d3.png */ = {
			isa = PBXVariantGroup;
			children = (
				A843CD181CB4AF450009D571 /* Base */,
				A83301451CB4B04F00BAE712 /* ko */,
			);
			name = d3.png;
			sourceTree = "<group>";
		};
		A843CD191CB4AF450009D571 /* d4.png */ = {
			isa = PBXVariantGroup;
			children = (
				A843CD1A1CB4AF450009D571 /* Base */,
				A83301461CB4B04F00BAE712 /* ko */,
			);
			name = d4.png;
			sourceTree = "<group>";
		};
		A843CD1B1CB4AF450009D571 /* d5.png */ = {
			isa = PBXVariantGroup;
			children = (
				A843CD1C1CB4AF450009D571 /* Base */,
				A83301471CB4B04F00BAE712 /* ko */,
			);
			name = d5.png;
			sourceTree = "<group>";
		};
		A843CD1D1CB4AF450009D571 /* d6.png */ = {
			isa = PBXVariantGroup;
			children = (
				A843CD1E1CB4AF450009D571 /* Base */,
				A83301481CB4B04F00BAE712 /* ko */,
			);
			name = d6.png;
			sourceTree = "<group>";
		};
		A843CD1F1CB4AF450009D571 /* d7.png */ = {
			isa = PBXVariantGroup;
			children = (
				A843CD201CB4AF450009D571 /* Base */,
				A83301491CB4B04F00BAE712 /* ko */,
			);
			name = d7.png;
			sourceTree = "<group>";
		};
		A843CD211CB4AF450009D571 /* d8.png */ = {
			isa = PBXVariantGroup;
			children = (
				A843CD221CB4AF450009D571 /* Base */,
				A833014A1CB4B04F00BAE712 /* ko */,
			);
			name = d8.png;
			sourceTree = "<group>";
		};
		A843CD231CB4AF450009D571 /* d9.png */ = {
			isa = PBXVariantGroup;
			children = (
				A843CD241CB4AF450009D571 /* Base */,
				A833014B1CB4B04F00BAE712 /* ko */,
			);
			name = d9.png;
			sourceTree = "<group>";
		};
		A843CD251CB4AF450009D571 /* d10.png */ = {
			isa = PBXVariantGroup;
			children = (
				A843CD261CB4AF450009D571 /* Base */,
				A833014C1CB4B04F00BAE712 /* ko */,
			);
			name = d10.png;
			sourceTree = "<group>";
		};
		A843CD271CB4AF450009D571 /* dA.png */ = {
			isa = PBXVariantGroup;
			children = (
				A843CD281CB4AF450009D571 /* Base */,
				A833014D1CB4B05000BAE712 /* ko */,
			);
			name = dA.png;
			sourceTree = "<group>";
		};
		A843CD291CB4AF450009D571 /* dJ.png */ = {
			isa = PBXVariantGroup;
			children = (
				A843CD2A1CB4AF450009D571 /* Base */,
				A833014E1CB4B05000BAE712 /* ko */,
			);
			name = dJ.png;
			sourceTree = "<group>";
		};
		A843CD2B1CB4AF450009D571 /* dK.png */ = {
			isa = PBXVariantGroup;
			children = (
				A843CD2C1CB4AF450009D571 /* Base */,
				A833014F1CB4B05000BAE712 /* ko */,
			);
			name = dK.png;
			sourceTree = "<group>";
		};
		A843CD2D1CB4AF450009D571 /* dQ.png */ = {
			isa = PBXVariantGroup;
			children = (
				A843CD2E1CB4AF450009D571 /* Base */,
				A83301501CB4B05000BAE712 /* ko */,
			);
			name = dQ.png;
			sourceTree = "<group>";
		};
		A843CD2F1CB4AF450009D571 /* h2.png */ = {
			isa = PBXVariantGroup;
			children = (
				A843CD301CB4AF450009D571 /* Base */,
				A83301511CB4B05000BAE712 /* ko */,
			);
			name = h2.png;
			sourceTree = "<group>";
		};
		A843CD311CB4AF450009D571 /* h3.png */ = {
			isa = PBXVariantGroup;
			children = (
				A843CD321CB4AF450009D571 /* Base */,
				A83301521CB4B05000BAE712 /* ko */,
			);
			name = h3.png;
			sourceTree = "<group>";
		};
		A843CD331CB4AF450009D571 /* h4.png */ = {
			isa = PBXVariantGroup;
			children = (
				A843CD341CB4AF450009D571 /* Base */,
				A83301531CB4B05000BAE712 /* ko */,
			);
			name = h4.png;
			sourceTree = "<group>";
		};
		A843CD351CB4AF450009D571 /* h5.png */ = {
			isa = PBXVariantGroup;
			children = (
				A843CD361CB4AF450009D571 /* Base */,
				A83301541CB4B05000BAE712 /* ko */,
			);
			name = h5.png;
			sourceTree = "<group>";
		};
		A843CD371CB4AF450009D571 /* h6.png */ = {
			isa = PBXVariantGroup;
			children = (
				A843CD381CB4AF450009D571 /* Base */,
				A83301551CB4B05100BAE712 /* ko */,
			);
			name = h6.png;
			sourceTree = "<group>";
		};
		A843CD391CB4AF450009D571 /* h7.png */ = {
			isa = PBXVariantGroup;
			children = (
				A843CD3A1CB4AF450009D571 /* Base */,
				A83301561CB4B05100BAE712 /* ko */,
			);
			name = h7.png;
			sourceTree = "<group>";
		};
		A843CD3B1CB4AF450009D571 /* h8.png */ = {
			isa = PBXVariantGroup;
			children = (
				A843CD3C1CB4AF450009D571 /* Base */,
				A83301571CB4B05100BAE712 /* ko */,
			);
			name = h8.png;
			sourceTree = "<group>";
		};
		A843CD3D1CB4AF450009D571 /* h9.png */ = {
			isa = PBXVariantGroup;
			children = (
				A843CD3E1CB4AF450009D571 /* Base */,
				A83301581CB4B05100BAE712 /* ko */,
			);
			name = h9.png;
			sourceTree = "<group>";
		};
		A843CD3F1CB4AF450009D571 /* h10.png */ = {
			isa = PBXVariantGroup;
			children = (
				A843CD401CB4AF450009D571 /* Base */,
				A83301591CB4B05100BAE712 /* ko */,
			);
			name = h10.png;
			sourceTree = "<group>";
		};
		A843CD411CB4AF450009D571 /* hA.png */ = {
			isa = PBXVariantGroup;
			children = (
				A843CD421CB4AF460009D571 /* Base */,
				A833015A1CB4B05100BAE712 /* ko */,
			);
			name = hA.png;
			sourceTree = "<group>";
		};
		A843CD431CB4AF460009D571 /* hJ.png */ = {
			isa = PBXVariantGroup;
			children = (
				A843CD441CB4AF460009D571 /* Base */,
				A833015B1CB4B05100BAE712 /* ko */,
			);
			name = hJ.png;
			sourceTree = "<group>";
		};
		A843CD451CB4AF460009D571 /* hK.png */ = {
			isa = PBXVariantGroup;
			children = (
				A843CD461CB4AF460009D571 /* Base */,
				A833015C1CB4B05100BAE712 /* ko */,
			);
			name = hK.png;
			sourceTree = "<group>";
		};
		A843CD471CB4AF460009D571 /* hQ.png */ = {
			isa = PBXVariantGroup;
			children = (
				A843CD481CB4AF460009D571 /* Base */,
				A833015D1CB4B05100BAE712 /* ko */,
			);
			name = hQ.png;
			sourceTree = "<group>";
		};
		A843CD491CB4AF460009D571 /* s2.png */ = {
			isa = PBXVariantGroup;
			children = (
				A843CD4A1CB4AF460009D571 /* Base */,
				A833015E1CB4B05200BAE712 /* ko */,
			);
			name = s2.png;
			sourceTree = "<group>";
		};
		A843CD4B1CB4AF460009D571 /* s3.png */ = {
			isa = PBXVariantGroup;
			children = (
				A843CD4C1CB4AF460009D571 /* Base */,
				A833015F1CB4B05200BAE712 /* ko */,
			);
			name = s3.png;
			sourceTree = "<group>";
		};
		A843CD4D1CB4AF460009D571 /* s4.png */ = {
			isa = PBXVariantGroup;
			children = (
				A843CD4E1CB4AF460009D571 /* Base */,
				A83301601CB4B05200BAE712 /* ko */,
			);
			name = s4.png;
			sourceTree = "<group>";
		};
		A843CD4F1CB4AF460009D571 /* s5.png */ = {
			isa = PBXVariantGroup;
			children = (
				A843CD501CB4AF460009D571 /* Base */,
				A83301611CB4B05200BAE712 /* ko */,
			);
			name = s5.png;
			sourceTree = "<group>";
		};
		A843CD511CB4AF460009D571 /* s6.png */ = {
			isa = PBXVariantGroup;
			children = (
				A843CD521CB4AF460009D571 /* Base */,
				A83301621CB4B05200BAE712 /* ko */,
			);
			name = s6.png;
			sourceTree = "<group>";
		};
		A843CD531CB4AF460009D571 /* s7.png */ = {
			isa = PBXVariantGroup;
			children = (
				A843CD541CB4AF460009D571 /* Base */,
				A83301631CB4B05200BAE712 /* ko */,
			);
			name = s7.png;
			sourceTree = "<group>";
		};
		A843CD551CB4AF460009D571 /* s8.png */ = {
			isa = PBXVariantGroup;
			children = (
				A843CD561CB4AF460009D571 /* Base */,
				A83301641CB4B05200BAE712 /* ko */,
			);
			name = s8.png;
			sourceTree = "<group>";
		};
		A843CD571CB4AF460009D571 /* s9.png */ = {
			isa = PBXVariantGroup;
			children = (
				A843CD581CB4AF460009D571 /* Base */,
				A83301651CB4B05200BAE712 /* ko */,
			);
			name = s9.png;
			sourceTree = "<group>";
		};
		A843CD591CB4AF460009D571 /* s10.png */ = {
			isa = PBXVariantGroup;
			children = (
				A843CD5A1CB4AF460009D571 /* Base */,
				A83301661CB4B05200BAE712 /* ko */,
			);
			name = s10.png;
			sourceTree = "<group>";
		};
		A843CD5B1CB4AF460009D571 /* sA.png */ = {
			isa = PBXVariantGroup;
			children = (
				A843CD5C1CB4AF460009D571 /* Base */,
				A83301671CB4B05300BAE712 /* ko */,
			);
			name = sA.png;
			sourceTree = "<group>";
		};
		A843CD5D1CB4AF460009D571 /* sJ.png */ = {
			isa = PBXVariantGroup;
			children = (
				A843CD5E1CB4AF460009D571 /* Base */,
				A83301681CB4B05300BAE712 /* ko */,
			);
			name = sJ.png;
			sourceTree = "<group>";
		};
		A843CD5F1CB4AF460009D571 /* sK.png */ = {
			isa = PBXVariantGroup;
			children = (
				A843CD601CB4AF460009D571 /* Base */,
				A83301691CB4B05300BAE712 /* ko */,
			);
			name = sK.png;
			sourceTree = "<group>";
		};
		A843CD611CB4AF460009D571 /* sQ.png */ = {
			isa = PBXVariantGroup;
			children = (
				A843CD621CB4AF460009D571 /* Base */,
				A833016A1CB4B05300BAE712 /* ko */,
			);
			name = sQ.png;
			sourceTree = "<group>";
		};
		A8B9D0B61CAB5EAA005EABA4 /* Main.storyboard */ = {
			isa = PBXVariantGroup;
			children = (
				A8B9D0B71CAB5EAA005EABA4 /* Base */,
				A83301351CB4B04D00BAE712 /* ko */,
			);
			name = Main.storyboard;
			sourceTree = "<group>";
		};
		A8B9D0BB1CAB5EAA005EABA4 /* LaunchScreen.storyboard */ = {
			isa = PBXVariantGroup;
			children = (
				A8B9D0BC1CAB5EAA005EABA4 /* Base */,
				A83301361CB4B04D00BAE712 /* ko */,
			);
			name = LaunchScreen.storyboard;
			sourceTree = "<group>";
		};
/* End PBXVariantGroup section */

/* Begin XCBuildConfiguration section */
		A8B9D0CA1CAB5EAB005EABA4 /* Debug */ = {
			isa = XCBuildConfiguration;
			buildSettings = {
				ALWAYS_SEARCH_USER_PATHS = NO;
				CLANG_ANALYZER_NONNULL = YES;
				CLANG_CXX_LANGUAGE_STANDARD = "gnu++0x";
				CLANG_CXX_LIBRARY = "libc++";
				CLANG_ENABLE_MODULES = YES;
				CLANG_ENABLE_OBJC_ARC = NO;
				CLANG_WARN_BOOL_CONVERSION = YES;
				CLANG_WARN_CONSTANT_CONVERSION = YES;
				CLANG_WARN_DIRECT_OBJC_ISA_USAGE = YES_ERROR;
				CLANG_WARN_EMPTY_BODY = YES;
				CLANG_WARN_ENUM_CONVERSION = YES;
				CLANG_WARN_INT_CONVERSION = YES;
				CLANG_WARN_OBJC_ROOT_CLASS = YES_ERROR;
				CLANG_WARN_UNREACHABLE_CODE = YES;
				CLANG_WARN__DUPLICATE_METHOD_MATCH = YES;
				"CODE_SIGN_IDENTITY[sdk=iphoneos*]" = "iPhone Developer";
				COPY_PHASE_STRIP = NO;
				DEBUG_INFORMATION_FORMAT = dwarf;
				ENABLE_STRICT_OBJC_MSGSEND = YES;
				ENABLE_TESTABILITY = YES;
				GCC_C_LANGUAGE_STANDARD = gnu99;
				GCC_DYNAMIC_NO_PIC = NO;
				GCC_NO_COMMON_BLOCKS = YES;
				GCC_OPTIMIZATION_LEVEL = 0;
				GCC_PREPROCESSOR_DEFINITIONS = (
					"DEBUG=1",
					"$(inherited)",
				);
				GCC_WARN_64_TO_32_BIT_CONVERSION = YES;
				GCC_WARN_ABOUT_RETURN_TYPE = YES_ERROR;
				GCC_WARN_UNDECLARED_SELECTOR = YES;
				GCC_WARN_UNINITIALIZED_AUTOS = YES_AGGRESSIVE;
				GCC_WARN_UNUSED_FUNCTION = YES;
				GCC_WARN_UNUSED_VARIABLE = YES;
				IPHONEOS_DEPLOYMENT_TARGET = 9.3;
				MTL_ENABLE_DEBUG_INFO = YES;
				ONLY_ACTIVE_ARCH = YES;
				SDKROOT = iphoneos;
				TARGETED_DEVICE_FAMILY = 2;
			};
			name = Debug;
		};
		A8B9D0CB1CAB5EAB005EABA4 /* Release */ = {
			isa = XCBuildConfiguration;
			buildSettings = {
				ALWAYS_SEARCH_USER_PATHS = NO;
				CLANG_ANALYZER_NONNULL = YES;
				CLANG_CXX_LANGUAGE_STANDARD = "gnu++0x";
				CLANG_CXX_LIBRARY = "libc++";
				CLANG_ENABLE_MODULES = YES;
				CLANG_ENABLE_OBJC_ARC = NO;
				CLANG_WARN_BOOL_CONVERSION = YES;
				CLANG_WARN_CONSTANT_CONVERSION = YES;
				CLANG_WARN_DIRECT_OBJC_ISA_USAGE = YES_ERROR;
				CLANG_WARN_EMPTY_BODY = YES;
				CLANG_WARN_ENUM_CONVERSION = YES;
				CLANG_WARN_INT_CONVERSION = YES;
				CLANG_WARN_OBJC_ROOT_CLASS = YES_ERROR;
				CLANG_WARN_UNREACHABLE_CODE = YES;
				CLANG_WARN__DUPLICATE_METHOD_MATCH = YES;
				"CODE_SIGN_IDENTITY[sdk=iphoneos*]" = "iPhone Developer";
				COPY_PHASE_STRIP = NO;
				DEBUG_INFORMATION_FORMAT = "dwarf-with-dsym";
				ENABLE_NS_ASSERTIONS = NO;
				ENABLE_STRICT_OBJC_MSGSEND = YES;
				GCC_C_LANGUAGE_STANDARD = gnu99;
				GCC_NO_COMMON_BLOCKS = YES;
				GCC_WARN_64_TO_32_BIT_CONVERSION = YES;
				GCC_WARN_ABOUT_RETURN_TYPE = YES_ERROR;
				GCC_WARN_UNDECLARED_SELECTOR = YES;
				GCC_WARN_UNINITIALIZED_AUTOS = YES_AGGRESSIVE;
				GCC_WARN_UNUSED_FUNCTION = YES;
				GCC_WARN_UNUSED_VARIABLE = YES;
				IPHONEOS_DEPLOYMENT_TARGET = 9.3;
				MTL_ENABLE_DEBUG_INFO = NO;
				SDKROOT = iphoneos;
				TARGETED_DEVICE_FAMILY = 2;
				VALIDATE_PRODUCT = YES;
			};
			name = Release;
		};
		A8B9D0CD1CAB5EAB005EABA4 /* Debug */ = {
			isa = XCBuildConfiguration;
			buildSettings = {
				ASSETCATALOG_COMPILER_APPICON_NAME = AppIcon;
				CODE_SIGN_IDENTITY = "iPhone Developer";
				"CODE_SIGN_IDENTITY[sdk=iphoneos*]" = "iPhone Developer";
				INFOPLIST_FILE = w5_card/Info.plist;
				LD_RUNPATH_SEARCH_PATHS = "$(inherited) @executable_path/Frameworks";
				PRODUCT_BUNDLE_IDENTIFIER = "org.nhnnext.w5-card";
				PRODUCT_NAME = "$(TARGET_NAME)";
				PROVISIONING_PROFILE = "";
			};
			name = Debug;
		};
		A8B9D0CE1CAB5EAB005EABA4 /* Release */ = {
			isa = XCBuildConfiguration;
			buildSettings = {
				ASSETCATALOG_COMPILER_APPICON_NAME = AppIcon;
				CODE_SIGN_IDENTITY = "iPhone Developer";
				"CODE_SIGN_IDENTITY[sdk=iphoneos*]" = "iPhone Developer";
				INFOPLIST_FILE = w5_card/Info.plist;
				LD_RUNPATH_SEARCH_PATHS = "$(inherited) @executable_path/Frameworks";
				PRODUCT_BUNDLE_IDENTIFIER = "org.nhnnext.w5-card";
				PRODUCT_NAME = "$(TARGET_NAME)";
				PROVISIONING_PROFILE = "";
			};
			name = Release;
		};
		A8B9D0D01CAB5EAB005EABA4 /* Debug */ = {
			isa = XCBuildConfiguration;
			buildSettings = {
				INFOPLIST_FILE = w5_cardUITests/Info.plist;
				LD_RUNPATH_SEARCH_PATHS = "$(inherited) @executable_path/Frameworks @loader_path/Frameworks";
				PRODUCT_BUNDLE_IDENTIFIER = "org.nhnnext.w5-cardUITests";
				PRODUCT_NAME = "$(TARGET_NAME)";
				TEST_TARGET_NAME = w5_card;
			};
			name = Debug;
		};
		A8B9D0D11CAB5EAB005EABA4 /* Release */ = {
			isa = XCBuildConfiguration;
			buildSettings = {
				INFOPLIST_FILE = w5_cardUITests/Info.plist;
				LD_RUNPATH_SEARCH_PATHS = "$(inherited) @executable_path/Frameworks @loader_path/Frameworks";
				PRODUCT_BUNDLE_IDENTIFIER = "org.nhnnext.w5-cardUITests";
				PRODUCT_NAME = "$(TARGET_NAME)";
				TEST_TARGET_NAME = w5_card;
			};
			name = Release;
		};
/* End XCBuildConfiguration section */

/* Begin XCConfigurationList section */
		A8B9D0A51CAB5EAA005EABA4 /* Build configuration list for PBXProject "w5_card" */ = {
			isa = XCConfigurationList;
			buildConfigurations = (
				A8B9D0CA1CAB5EAB005EABA4 /* Debug */,
				A8B9D0CB1CAB5EAB005EABA4 /* Release */,
			);
			defaultConfigurationIsVisible = 0;
			defaultConfigurationName = Release;
		};
		A8B9D0CC1CAB5EAB005EABA4 /* Build configuration list for PBXNativeTarget "w5_card" */ = {
			isa = XCConfigurationList;
			buildConfigurations = (
				A8B9D0CD1CAB5EAB005EABA4 /* Debug */,
				A8B9D0CE1CAB5EAB005EABA4 /* Release */,
			);
			defaultConfigurationIsVisible = 0;
			defaultConfigurationName = Release;
		};
		A8B9D0CF1CAB5EAB005EABA4 /* Build configuration list for PBXNativeTarget "w5_cardUITests" */ = {
			isa = XCConfigurationList;
			buildConfigurations = (
				A8B9D0D01CAB5EAB005EABA4 /* Debug */,
				A8B9D0D11CAB5EAB005EABA4 /* Release */,
			);
			defaultConfigurationIsVisible = 0;
			defaultConfigurationName = Release;
		};
/* End XCConfigurationList section */
	};
	rootObject = A8B9D0A21CAB5EAA005EABA4 /* Project object */;
}
